
Microsoft Visual Studio Solution File, Format Version 12.00
# Visual Studio Version 16
VisualStudioVersion = 16.0.30011.22
MinimumVisualStudioVersion = 10.0.40219.1
Project("{9A19103F-16F7-4668-BE54-9A1E7A4F7556}") = "BackEndConsole", "BackEndConsole\BackEndConsole.csproj", "{A51F0EAB-AACF-42F3-83E0-A52505090404}"
EndProject
Project("{9A19103F-16F7-4668-BE54-9A1E7A4F7556}") = "BackEndConsolePost", "BackEndConsolePost\BackEndConsolePost.csproj", "{20D4B849-9FDF-454F-8E63-24FA26E31635}"
EndProject
Project("{FAE04EC0-301F-11D3-BF4B-00C04F79EFBC}") = "BackendBlazor", "BackendBlazor\BackendBlazor.csproj", "{21B44AAD-2146-4DC2-9B89-D5ED278B5E6A}"
EndProject
Project("{FAE04EC0-301F-11D3-BF4B-00C04F79EFBC}") = "BackEndMVC", "BackEndMVC\BackEndMVC.csproj", "{F2425CEA-43AA-4BA5-8A7B-EB4A2C096288}"
EndProject
Global
	GlobalSection(SolutionConfigurationPlatforms) = preSolution
		Debug|Any CPU = Debug|Any CPU
		Release|Any CPU = Release|Any CPU
	EndGlobalSection
	GlobalSection(ProjectConfigurationPlatforms) = postSolution
		{A51F0EAB-AACF-42F3-83E0-A52505090404}.Debug|Any CPU.ActiveCfg = Debug|Any CPU
		{A51F0EAB-AACF-42F3-83E0-A52505090404}.Debug|Any CPU.Build.0 = Debug|Any CPU
		{A51F0EAB-AACF-42F3-83E0-A52505090404}.Release|Any CPU.ActiveCfg = Release|Any CPU
		{A51F0EAB-AACF-42F3-83E0-A52505090404}.Release|Any CPU.Build.0 = Release|Any CPU
		{20D4B849-9FDF-454F-8E63-24FA26E31635}.Debug|Any CPU.ActiveCfg = Debug|Any CPU
		{20D4B849-9FDF-454F-8E63-24FA26E31635}.Debug|Any CPU.Build.0 = Debug|Any CPU
		{20D4B849-9FDF-454F-8E63-24FA26E31635}.Release|Any CPU.ActiveCfg = Release|Any CPU
		{20D4B849-9FDF-454F-8E63-24FA26E31635}.Release|Any CPU.Build.0 = Release|Any CPU
		{21B44AAD-2146-4DC2-9B89-D5ED278B5E6A}.Debug|Any CPU.ActiveCfg = Debug|Any CPU
		{21B44AAD-2146-4DC2-9B89-D5ED278B5E6A}.Debug|Any CPU.Build.0 = Debug|Any CPU
		{21B44AAD-2146-4DC2-9B89-D5ED278B5E6A}.Release|Any CPU.ActiveCfg = Release|Any CPU
		{21B44AAD-2146-4DC2-9B89-D5ED278B5E6A}.Release|Any CPU.Build.0 = Release|Any CPU
		{F2425CEA-43AA-4BA5-8A7B-EB4A2C096288}.Debug|Any CPU.ActiveCfg = Debug|Any CPU
		{F2425CEA-43AA-4BA5-8A7B-EB4A2C096288}.Debug|Any CPU.Build.0 = Debug|Any CPU
		{F2425CEA-43AA-4BA5-8A7B-EB4A2C096288}.Release|Any CPU.ActiveCfg = Release|Any CPU
		{F2425CEA-43AA-4BA5-8A7B-EB4A2C096288}.Release|Any CPU.Build.0 = Release|Any CPU
	EndGlobalSection
	GlobalSection(SolutionProperties) = preSolution
		HideSolutionNode = FALSE
	EndGlobalSection
	GlobalSection(ExtensibilityGlobals) = postSolution
		SolutionGuid = {ACEB98EE-68F1-4631-A1B6-11D5FA9B69CF}
	EndGlobalSection
EndGlobal
