
Microsoft Visual Studio Solution File, Format Version 12.00
# Visual Studio Version 16
VisualStudioVersion = 16.0.30011.22
MinimumVisualStudioVersion = 10.0.40219.1
Project("{FAE04EC0-301F-11D3-BF4B-00C04F79EFBC}") = "BackEndConsole", "BackEndConsole\BackEndConsole.csproj", "{A51F0EAB-AACF-42F3-83E0-A52505090404}"
EndProject
Project("{FAE04EC0-301F-11D3-BF4B-00C04F79EFBC}") = "BackEndConsolePost", "BackEndConsolePost\BackEndConsolePost.csproj", "{20D4B849-9FDF-454F-8E63-24FA26E31635}"
EndProject
Global
	GlobalSection(SolutionConfigurationPlatforms) = preSolution
		Debug|Any CPU = Debug|Any CPU
		Release|Any CPU = Release|Any CPU
	EndGlobalSection
	GlobalSection(ProjectConfigurationPlatforms) = postSolution
		{A51F0EAB-AACF-42F3-83E0-A52505090404}.Debug|Any CPU.ActiveCfg = Debug|Any CPU
		{A51F0EAB-AACF-42F3-83E0-A52505090404}.Debug|Any CPU.Build.0 = Debug|Any CPU
		{A51F0EAB-AACF-42F3-83E0-A52505090404}.Release|Any CPU.ActiveCfg = Release|Any CPU
		{A51F0EAB-AACF-42F3-83E0-A52505090404}.Release|Any CPU.Build.0 = Release|Any CPU
		{20D4B849-9FDF-454F-8E63-24FA26E31635}.Debug|Any CPU.ActiveCfg = Debug|Any CPU
		{20D4B849-9FDF-454F-8E63-24FA26E31635}.Debug|Any CPU.Build.0 = Debug|Any CPU
		{20D4B849-9FDF-454F-8E63-24FA26E31635}.Release|Any CPU.ActiveCfg = Release|Any CPU
		{20D4B849-9FDF-454F-8E63-24FA26E31635}.Release|Any CPU.Build.0 = Release|Any CPU
	EndGlobalSection
	GlobalSection(SolutionProperties) = preSolution
		HideSolutionNode = FALSE
	EndGlobalSection
	GlobalSection(ExtensibilityGlobals) = postSolution
		SolutionGuid = {ACEB98EE-68F1-4631-A1B6-11D5FA9B69CF}
	EndGlobalSection
EndGlobal
